
Microsoft Visual Studio Solution File, Format Version 12.00
# Visual Studio Version 16
VisualStudioVersion = 16.0.29613.14
MinimumVisualStudioVersion = 10.0.40219.1
Project("{FAE04EC0-301F-11D3-BF4B-00C04F79EFBC}") = "ClientGui", "ClientGUI\ClientGui.csproj", "{037A4C15-D4D1-4B7F-81BA-A112F1236A89}"
EndProject
Project("{8BC9CEB8-8B4A-11D0-8D11-00A0C91BC942}") = "ChildTester", "ChildTester\Child.vcxproj", "{B7F8054D-EB2A-42EF-9547-B44753704077}"
EndProject
Project("{2150E333-8FDC-42A3-9474-1A3956D46DE8}") = "SupportLibrary", "SupportLibrary", "{3E4B3387-4479-4037-8B7F-AC1995AFE2F2}"
EndProject
Project("{8BC9CEB8-8B4A-11D0-8D11-00A0C91BC942}") = "FileSystem", "SupportLibrary\FileSystem\FileSystem.vcxproj", "{294BBC03-9ECC-43D8-BEEC-2C13BDDC5B9D}"
EndProject
Project("{8BC9CEB8-8B4A-11D0-8D11-00A0C91BC942}") = "Logger", "SupportLibrary\Logger\Logger.vcxproj", "{FF39BDDB-6342-4066-A48A-824218912BA0}"
EndProject
Project("{8BC9CEB8-8B4A-11D0-8D11-00A0C91BC942}") = "Message", "SupportLibrary\Message\Message.vcxproj", "{4133D528-AB6D-4CCD-AF37-67536F36154C}"
EndProject
Project("{8BC9CEB8-8B4A-11D0-8D11-00A0C91BC942}") = "Sockets", "SupportLibrary\Sockets\Sockets.vcxproj", "{CA3129B8-1BF4-44C9-B116-53EC72D0BCCB}"
EndProject
Project("{8BC9CEB8-8B4A-11D0-8D11-00A0C91BC942}") = "MsgPassingComm", "SupportLibrary\MsgPassingComm\MsgPassingComm.vcxproj", "{6E58E051-CC07-4D7F-92A4-06A117A79CA7}"
EndProject
Project("{8BC9CEB8-8B4A-11D0-8D11-00A0C91BC942}") = "Translater", "SupportLibrary\Translater\Translater.vcxproj", "{6105617E-3D4C-4914-BA33-E3D053496BA3}"
EndProject
Project("{8BC9CEB8-8B4A-11D0-8D11-00A0C91BC942}") = "Loader", "SupportLibrary\Loader\Loader.vcxproj", "{F566A901-C315-4D01-98D0-F728FDA9F6EF}"
EndProject
Project("{8BC9CEB8-8B4A-11D0-8D11-00A0C91BC942}") = "TestRequest", "SupportLibrary\TestRequest\TestRequest.vcxproj", "{2FB336ED-53C7-46E2-A942-8BEC5B45AF9A}"
EndProject
Project("{8BC9CEB8-8B4A-11D0-8D11-00A0C91BC942}") = "Utilities", "SupportLibrary\Utilities\Utilities.vcxproj", "{462B43B2-8B13-4178-BF2A-903F76F1985C}"
EndProject
Project("{8BC9CEB8-8B4A-11D0-8D11-00A0C91BC942}") = "TestHarnessServer", "TestHarnessServer\TestHarness.vcxproj", "{7C5EE23F-E94B-4858-9893-9E4F324A3EE5}"
EndProject
Global
	GlobalSection(SolutionConfigurationPlatforms) = preSolution
		Debug|Any CPU = Debug|Any CPU
		Debug|x64 = Debug|x64
		Debug|x86 = Debug|x86
		Release|Any CPU = Release|Any CPU
		Release|x64 = Release|x64
		Release|x86 = Release|x86
	EndGlobalSection
	GlobalSection(ProjectConfigurationPlatforms) = postSolution
		{037A4C15-D4D1-4B7F-81BA-A112F1236A89}.Debug|Any CPU.ActiveCfg = Debug|Any CPU
		{037A4C15-D4D1-4B7F-81BA-A112F1236A89}.Debug|Any CPU.Build.0 = Debug|Any CPU
		{037A4C15-D4D1-4B7F-81BA-A112F1236A89}.Debug|x64.ActiveCfg = Debug|Any CPU
		{037A4C15-D4D1-4B7F-81BA-A112F1236A89}.Debug|x64.Build.0 = Debug|Any CPU
		{037A4C15-D4D1-4B7F-81BA-A112F1236A89}.Debug|x86.ActiveCfg = Debug|Any CPU
		{037A4C15-D4D1-4B7F-81BA-A112F1236A89}.Debug|x86.Build.0 = Debug|Any CPU
		{037A4C15-D4D1-4B7F-81BA-A112F1236A89}.Release|Any CPU.ActiveCfg = Release|Any CPU
		{037A4C15-D4D1-4B7F-81BA-A112F1236A89}.Release|Any CPU.Build.0 = Release|Any CPU
		{037A4C15-D4D1-4B7F-81BA-A112F1236A89}.Release|x64.ActiveCfg = Release|Any CPU
		{037A4C15-D4D1-4B7F-81BA-A112F1236A89}.Release|x64.Build.0 = Release|Any CPU
		{037A4C15-D4D1-4B7F-81BA-A112F1236A89}.Release|x86.ActiveCfg = Release|Any CPU
		{037A4C15-D4D1-4B7F-81BA-A112F1236A89}.Release|x86.Build.0 = Release|Any CPU
		{B7F8054D-EB2A-42EF-9547-B44753704077}.Debug|Any CPU.ActiveCfg = Debug|Win32
		{B7F8054D-EB2A-42EF-9547-B44753704077}.Debug|x64.ActiveCfg = Debug|x64
		{B7F8054D-EB2A-42EF-9547-B44753704077}.Debug|x64.Build.0 = Debug|x64
		{B7F8054D-EB2A-42EF-9547-B44753704077}.Debug|x86.ActiveCfg = Debug|Win32
		{B7F8054D-EB2A-42EF-9547-B44753704077}.Debug|x86.Build.0 = Debug|Win32
		{B7F8054D-EB2A-42EF-9547-B44753704077}.Release|Any CPU.ActiveCfg = Release|Win32
		{B7F8054D-EB2A-42EF-9547-B44753704077}.Release|x64.ActiveCfg = Release|x64
		{B7F8054D-EB2A-42EF-9547-B44753704077}.Release|x64.Build.0 = Release|x64
		{B7F8054D-EB2A-42EF-9547-B44753704077}.Release|x86.ActiveCfg = Release|Win32
		{B7F8054D-EB2A-42EF-9547-B44753704077}.Release|x86.Build.0 = Release|Win32
		{294BBC03-9ECC-43D8-BEEC-2C13BDDC5B9D}.Debug|Any CPU.ActiveCfg = Debug|Win32
		{294BBC03-9ECC-43D8-BEEC-2C13BDDC5B9D}.Debug|x64.ActiveCfg = Debug|x64
		{294BBC03-9ECC-43D8-BEEC-2C13BDDC5B9D}.Debug|x64.Build.0 = Debug|x64
		{294BBC03-9ECC-43D8-BEEC-2C13BDDC5B9D}.Debug|x86.ActiveCfg = Debug|Win32
		{294BBC03-9ECC-43D8-BEEC-2C13BDDC5B9D}.Debug|x86.Build.0 = Debug|Win32
		{294BBC03-9ECC-43D8-BEEC-2C13BDDC5B9D}.Release|Any CPU.ActiveCfg = Release|Win32
		{294BBC03-9ECC-43D8-BEEC-2C13BDDC5B9D}.Release|x64.ActiveCfg = Release|x64
		{294BBC03-9ECC-43D8-BEEC-2C13BDDC5B9D}.Release|x64.Build.0 = Release|x64
		{294BBC03-9ECC-43D8-BEEC-2C13BDDC5B9D}.Release|x86.ActiveCfg = Release|Win32
		{294BBC03-9ECC-43D8-BEEC-2C13BDDC5B9D}.Release|x86.Build.0 = Release|Win32
		{FF39BDDB-6342-4066-A48A-824218912BA0}.Debug|Any CPU.ActiveCfg = Debug|Win32
		{FF39BDDB-6342-4066-A48A-824218912BA0}.Debug|x64.ActiveCfg = Debug|x64
		{FF39BDDB-6342-4066-A48A-824218912BA0}.Debug|x64.Build.0 = Debug|x64
		{FF39BDDB-6342-4066-A48A-824218912BA0}.Debug|x86.ActiveCfg = Debug|Win32
		{FF39BDDB-6342-4066-A48A-824218912BA0}.Debug|x86.Build.0 = Debug|Win32
		{FF39BDDB-6342-4066-A48A-824218912BA0}.Release|Any CPU.ActiveCfg = Release|Win32
		{FF39BDDB-6342-4066-A48A-824218912BA0}.Release|x64.ActiveCfg = Release|x64
		{FF39BDDB-6342-4066-A48A-824218912BA0}.Release|x64.Build.0 = Release|x64
		{FF39BDDB-6342-4066-A48A-824218912BA0}.Release|x86.ActiveCfg = Release|Win32
		{FF39BDDB-6342-4066-A48A-824218912BA0}.Release|x86.Build.0 = Release|Win32
		{4133D528-AB6D-4CCD-AF37-67536F36154C}.Debug|Any CPU.ActiveCfg = Debug|Win32
		{4133D528-AB6D-4CCD-AF37-67536F36154C}.Debug|x64.ActiveCfg = Debug|x64
		{4133D528-AB6D-4CCD-AF37-67536F36154C}.Debug|x64.Build.0 = Debug|x64
		{4133D528-AB6D-4CCD-AF37-67536F36154C}.Debug|x86.ActiveCfg = Debug|Win32
		{4133D528-AB6D-4CCD-AF37-67536F36154C}.Debug|x86.Build.0 = Debug|Win32
		{4133D528-AB6D-4CCD-AF37-67536F36154C}.Release|Any CPU.ActiveCfg = Release|Win32
		{4133D528-AB6D-4CCD-AF37-67536F36154C}.Release|x64.ActiveCfg = Release|x64
		{4133D528-AB6D-4CCD-AF37-67536F36154C}.Release|x64.Build.0 = Release|x64
		{4133D528-AB6D-4CCD-AF37-67536F36154C}.Release|x86.ActiveCfg = Release|Win32
		{4133D528-AB6D-4CCD-AF37-67536F36154C}.Release|x86.Build.0 = Release|Win32
		{CA3129B8-1BF4-44C9-B116-53EC72D0BCCB}.Debug|Any CPU.ActiveCfg = Debug|Win32
		{CA3129B8-1BF4-44C9-B116-53EC72D0BCCB}.Debug|x64.ActiveCfg = Debug|Win32
		{CA3129B8-1BF4-44C9-B116-53EC72D0BCCB}.Debug|x86.ActiveCfg = Debug|Win32
		{CA3129B8-1BF4-44C9-B116-53EC72D0BCCB}.Debug|x86.Build.0 = Debug|Win32
		{CA3129B8-1BF4-44C9-B116-53EC72D0BCCB}.Release|Any CPU.ActiveCfg = Release|Win32
		{CA3129B8-1BF4-44C9-B116-53EC72D0BCCB}.Release|x64.ActiveCfg = Release|Win32
		{CA3129B8-1BF4-44C9-B116-53EC72D0BCCB}.Release|x86.ActiveCfg = Release|Win32
		{CA3129B8-1BF4-44C9-B116-53EC72D0BCCB}.Release|x86.Build.0 = Release|Win32
		{6E58E051-CC07-4D7F-92A4-06A117A79CA7}.Debug|Any CPU.ActiveCfg = Debug|Win32
		{6E58E051-CC07-4D7F-92A4-06A117A79CA7}.Debug|x64.ActiveCfg = Debug|x64
		{6E58E051-CC07-4D7F-92A4-06A117A79CA7}.Debug|x64.Build.0 = Debug|x64
		{6E58E051-CC07-4D7F-92A4-06A117A79CA7}.Debug|x86.ActiveCfg = Debug|Win32
		{6E58E051-CC07-4D7F-92A4-06A117A79CA7}.Debug|x86.Build.0 = Debug|Win32
		{6E58E051-CC07-4D7F-92A4-06A117A79CA7}.Release|Any CPU.ActiveCfg = Release|Win32
		{6E58E051-CC07-4D7F-92A4-06A117A79CA7}.Release|x64.ActiveCfg = Release|x64
		{6E58E051-CC07-4D7F-92A4-06A117A79CA7}.Release|x64.Build.0 = Release|x64
		{6E58E051-CC07-4D7F-92A4-06A117A79CA7}.Release|x86.ActiveCfg = Release|Win32
		{6E58E051-CC07-4D7F-92A4-06A117A79CA7}.Release|x86.Build.0 = Release|Win32
		{6105617E-3D4C-4914-BA33-E3D053496BA3}.Debug|Any CPU.ActiveCfg = Debug|Win32
		{6105617E-3D4C-4914-BA33-E3D053496BA3}.Debug|x64.ActiveCfg = Debug|x64
		{6105617E-3D4C-4914-BA33-E3D053496BA3}.Debug|x64.Build.0 = Debug|x64
		{6105617E-3D4C-4914-BA33-E3D053496BA3}.Debug|x86.ActiveCfg = Debug|Win32
		{6105617E-3D4C-4914-BA33-E3D053496BA3}.Debug|x86.Build.0 = Debug|Win32
		{6105617E-3D4C-4914-BA33-E3D053496BA3}.Release|Any CPU.ActiveCfg = Release|Win32
		{6105617E-3D4C-4914-BA33-E3D053496BA3}.Release|x64.ActiveCfg = Release|x64
		{6105617E-3D4C-4914-BA33-E3D053496BA3}.Release|x64.Build.0 = Release|x64
		{6105617E-3D4C-4914-BA33-E3D053496BA3}.Release|x86.ActiveCfg = Release|Win32
		{6105617E-3D4C-4914-BA33-E3D053496BA3}.Release|x86.Build.0 = Release|Win32
		{F566A901-C315-4D01-98D0-F728FDA9F6EF}.Debug|Any CPU.ActiveCfg = Debug|Win32
		{F566A901-C315-4D01-98D0-F728FDA9F6EF}.Debug|x64.ActiveCfg = Debug|x64
		{F566A901-C315-4D01-98D0-F728FDA9F6EF}.Debug|x64.Build.0 = Debug|x64
		{F566A901-C315-4D01-98D0-F728FDA9F6EF}.Debug|x86.ActiveCfg = Debug|Win32
		{F566A901-C315-4D01-98D0-F728FDA9F6EF}.Debug|x86.Build.0 = Debug|Win32
		{F566A901-C315-4D01-98D0-F728FDA9F6EF}.Release|Any CPU.ActiveCfg = Release|Win32
		{F566A901-C315-4D01-98D0-F728FDA9F6EF}.Release|x64.ActiveCfg = Release|x64
		{F566A901-C315-4D01-98D0-F728FDA9F6EF}.Release|x64.Build.0 = Release|x64
		{F566A901-C315-4D01-98D0-F728FDA9F6EF}.Release|x86.ActiveCfg = Release|Win32
		{F566A901-C315-4D01-98D0-F728FDA9F6EF}.Release|x86.Build.0 = Release|Win32
		{2FB336ED-53C7-46E2-A942-8BEC5B45AF9A}.Debug|Any CPU.ActiveCfg = Debug|Win32
		{2FB336ED-53C7-46E2-A942-8BEC5B45AF9A}.Debug|x64.ActiveCfg = Debug|x64
		{2FB336ED-53C7-46E2-A942-8BEC5B45AF9A}.Debug|x64.Build.0 = Debug|x64
		{2FB336ED-53C7-46E2-A942-8BEC5B45AF9A}.Debug|x86.ActiveCfg = Debug|Win32
		{2FB336ED-53C7-46E2-A942-8BEC5B45AF9A}.Debug|x86.Build.0 = Debug|Win32
		{2FB336ED-53C7-46E2-A942-8BEC5B45AF9A}.Release|Any CPU.ActiveCfg = Release|Win32
		{2FB336ED-53C7-46E2-A942-8BEC5B45AF9A}.Release|x64.ActiveCfg = Release|x64
		{2FB336ED-53C7-46E2-A942-8BEC5B45AF9A}.Release|x64.Build.0 = Release|x64
		{2FB336ED-53C7-46E2-A942-8BEC5B45AF9A}.Release|x86.ActiveCfg = Release|Win32
		{2FB336ED-53C7-46E2-A942-8BEC5B45AF9A}.Release|x86.Build.0 = Release|Win32
		{462B43B2-8B13-4178-BF2A-903F76F1985C}.Debug|Any CPU.ActiveCfg = Debug|Win32
		{462B43B2-8B13-4178-BF2A-903F76F1985C}.Debug|x64.ActiveCfg = Debug|x64
		{462B43B2-8B13-4178-BF2A-903F76F1985C}.Debug|x64.Build.0 = Debug|x64
		{462B43B2-8B13-4178-BF2A-903F76F1985C}.Debug|x86.ActiveCfg = Debug|Win32
		{462B43B2-8B13-4178-BF2A-903F76F1985C}.Debug|x86.Build.0 = Debug|Win32
		{462B43B2-8B13-4178-BF2A-903F76F1985C}.Release|Any CPU.ActiveCfg = Release|Win32
		{462B43B2-8B13-4178-BF2A-903F76F1985C}.Release|x64.ActiveCfg = Release|x64
		{462B43B2-8B13-4178-BF2A-903F76F1985C}.Release|x64.Build.0 = Release|x64
		{462B43B2-8B13-4178-BF2A-903F76F1985C}.Release|x86.ActiveCfg = Release|Win32
		{462B43B2-8B13-4178-BF2A-903F76F1985C}.Release|x86.Build.0 = Release|Win32
		{7C5EE23F-E94B-4858-9893-9E4F324A3EE5}.Debug|Any CPU.ActiveCfg = Debug|Win32
		{7C5EE23F-E94B-4858-9893-9E4F324A3EE5}.Debug|x64.ActiveCfg = Debug|x64
		{7C5EE23F-E94B-4858-9893-9E4F324A3EE5}.Debug|x64.Build.0 = Debug|x64
		{7C5EE23F-E94B-4858-9893-9E4F324A3EE5}.Debug|x86.ActiveCfg = Debug|Win32
		{7C5EE23F-E94B-4858-9893-9E4F324A3EE5}.Debug|x86.Build.0 = Debug|Win32
		{7C5EE23F-E94B-4858-9893-9E4F324A3EE5}.Release|Any CPU.ActiveCfg = Release|Win32
		{7C5EE23F-E94B-4858-9893-9E4F324A3EE5}.Release|x64.ActiveCfg = Release|x64
		{7C5EE23F-E94B-4858-9893-9E4F324A3EE5}.Release|x64.Build.0 = Release|x64
		{7C5EE23F-E94B-4858-9893-9E4F324A3EE5}.Release|x86.ActiveCfg = Release|Win32
		{7C5EE23F-E94B-4858-9893-9E4F324A3EE5}.Release|x86.Build.0 = Release|Win32
	EndGlobalSection
	GlobalSection(SolutionProperties) = preSolution
		HideSolutionNode = FALSE
	EndGlobalSection
	GlobalSection(NestedProjects) = preSolution
		{294BBC03-9ECC-43D8-BEEC-2C13BDDC5B9D} = {3E4B3387-4479-4037-8B7F-AC1995AFE2F2}
		{FF39BDDB-6342-4066-A48A-824218912BA0} = {3E4B3387-4479-4037-8B7F-AC1995AFE2F2}
		{4133D528-AB6D-4CCD-AF37-67536F36154C} = {3E4B3387-4479-4037-8B7F-AC1995AFE2F2}
		{CA3129B8-1BF4-44C9-B116-53EC72D0BCCB} = {3E4B3387-4479-4037-8B7F-AC1995AFE2F2}
		{6E58E051-CC07-4D7F-92A4-06A117A79CA7} = {3E4B3387-4479-4037-8B7F-AC1995AFE2F2}
		{6105617E-3D4C-4914-BA33-E3D053496BA3} = {3E4B3387-4479-4037-8B7F-AC1995AFE2F2}
		{F566A901-C315-4D01-98D0-F728FDA9F6EF} = {3E4B3387-4479-4037-8B7F-AC1995AFE2F2}
		{2FB336ED-53C7-46E2-A942-8BEC5B45AF9A} = {3E4B3387-4479-4037-8B7F-AC1995AFE2F2}
		{462B43B2-8B13-4178-BF2A-903F76F1985C} = {3E4B3387-4479-4037-8B7F-AC1995AFE2F2}
	EndGlobalSection
	GlobalSection(ExtensibilityGlobals) = postSolution
		SolutionGuid = {BA64BB84-4B97-4F06-8CF7-51A39D417196}
	EndGlobalSection
EndGlobal
